
Microsoft Visual Studio Solution File, Format Version 12.00
# Visual Studio Version 17
VisualStudioVersion = 17.5.002.0
MinimumVisualStudioVersion = 10.0.40219.1
Project("{9A19103F-16F7-4668-BE54-9A1E7A4F7556}") = "tpm.web.contract", "tpm.web.contract.csproj", "{42169CFE-35F2-4057-99D4-4A5F244519D5}"
EndProject
Global
	GlobalSection(SolutionConfigurationPlatforms) = preSolution
		Debug|Any CPU = Debug|Any CPU
		Release|Any CPU = Release|Any CPU
	EndGlobalSection
	GlobalSection(ProjectConfigurationPlatforms) = postSolution
		{42169CFE-35F2-4057-99D4-4A5F244519D5}.Debug|Any CPU.ActiveCfg = Debug|Any CPU
		{42169CFE-35F2-4057-99D4-4A5F244519D5}.Debug|Any CPU.Build.0 = Debug|Any CPU
		{42169CFE-35F2-4057-99D4-4A5F244519D5}.Release|Any CPU.ActiveCfg = Release|Any CPU
		{42169CFE-35F2-4057-99D4-4A5F244519D5}.Release|Any CPU.Build.0 = Release|Any CPU
	EndGlobalSection
	GlobalSection(SolutionProperties) = preSolution
		HideSolutionNode = FALSE
	EndGlobalSection
	GlobalSection(ExtensibilityGlobals) = postSolution
		SolutionGuid = {07810C85-4879-4A3A-94D8-9C426A3B70DB}
	EndGlobalSection
EndGlobal
